
Microsoft Visual Studio Solution File, Format Version 12.00
# Visual Studio Version 16
VisualStudioVersion = 16.0.29926.136
MinimumVisualStudioVersion = 10.0.40219.1
Project("{9A19103F-16F7-4668-BE54-9A1E7A4F7556}") = "RongKangBusiness", "RongKangBusiness\RongKangBusiness.csproj", "{536A0BE4-0F47-4280-B4A4-52283731478F}"
EndProject
Project("{2150E333-8FDC-42A3-9474-1A3956D46DE8}") = "Infrastructure", "Infrastructure", "{CBC0F35A-EF18-42D0-AA6B-679CFC1B7377}"
EndProject
Project("{9A19103F-16F7-4668-BE54-9A1E7A4F7556}") = "Common", "Common\Common.csproj", "{48284A60-CFF1-4B7C-ADE3-CB64C0C55A35}"
EndProject
Project("{9A19103F-16F7-4668-BE54-9A1E7A4F7556}") = "Tool", "Tool\Tool.csproj", "{FA840638-4F98-4E17-835F-DE5B7D60E801}"
EndProject
Project("{9A19103F-16F7-4668-BE54-9A1E7A4F7556}") = "Redis", "Redis\Redis.csproj", "{3FE3FFC4-F357-45C7-AD50-118F8FB09A83}"
EndProject
Project("{9A19103F-16F7-4668-BE54-9A1E7A4F7556}") = "UnitOfWork", "UnitOfWork\UnitOfWork.csproj", "{A5B0FD5D-6239-42DE-AF15-7CB91D452E99}"
EndProject
Project("{9A19103F-16F7-4668-BE54-9A1E7A4F7556}") = "Repository", "Repository\Repository.csproj", "{59935CE6-8E3E-4B5C-A1A5-246297A8A762}"
EndProject
Project("{9A19103F-16F7-4668-BE54-9A1E7A4F7556}") = "IRepository", "IRepository\IRepository.csproj", "{EA7F7645-0428-4C56-A43D-733D58DDD0A0}"
EndProject
Project("{9A19103F-16F7-4668-BE54-9A1E7A4F7556}") = "IBase", "IBase\IBase.csproj", "{CD644468-58DC-424A-9304-4940AFEF741A}"
EndProject
Project("{FAE04EC0-301F-11D3-BF4B-00C04F79EFBC}") = "AspectCore", "AspectCore\AspectCore.csproj", "{02446A84-7ADB-4A8D-8601-C311F4D98E32}"
EndProject
Global
	GlobalSection(SolutionConfigurationPlatforms) = preSolution
		Debug|Any CPU = Debug|Any CPU
		Release|Any CPU = Release|Any CPU
	EndGlobalSection
	GlobalSection(ProjectConfigurationPlatforms) = postSolution
		{536A0BE4-0F47-4280-B4A4-52283731478F}.Debug|Any CPU.ActiveCfg = Debug|Any CPU
		{536A0BE4-0F47-4280-B4A4-52283731478F}.Debug|Any CPU.Build.0 = Debug|Any CPU
		{536A0BE4-0F47-4280-B4A4-52283731478F}.Release|Any CPU.ActiveCfg = Release|Any CPU
		{536A0BE4-0F47-4280-B4A4-52283731478F}.Release|Any CPU.Build.0 = Release|Any CPU
		{48284A60-CFF1-4B7C-ADE3-CB64C0C55A35}.Debug|Any CPU.ActiveCfg = Debug|Any CPU
		{48284A60-CFF1-4B7C-ADE3-CB64C0C55A35}.Debug|Any CPU.Build.0 = Debug|Any CPU
		{48284A60-CFF1-4B7C-ADE3-CB64C0C55A35}.Release|Any CPU.ActiveCfg = Release|Any CPU
		{48284A60-CFF1-4B7C-ADE3-CB64C0C55A35}.Release|Any CPU.Build.0 = Release|Any CPU
		{FA840638-4F98-4E17-835F-DE5B7D60E801}.Debug|Any CPU.ActiveCfg = Debug|Any CPU
		{FA840638-4F98-4E17-835F-DE5B7D60E801}.Debug|Any CPU.Build.0 = Debug|Any CPU
		{FA840638-4F98-4E17-835F-DE5B7D60E801}.Release|Any CPU.ActiveCfg = Release|Any CPU
		{FA840638-4F98-4E17-835F-DE5B7D60E801}.Release|Any CPU.Build.0 = Release|Any CPU
		{3FE3FFC4-F357-45C7-AD50-118F8FB09A83}.Debug|Any CPU.ActiveCfg = Debug|Any CPU
		{3FE3FFC4-F357-45C7-AD50-118F8FB09A83}.Debug|Any CPU.Build.0 = Debug|Any CPU
		{3FE3FFC4-F357-45C7-AD50-118F8FB09A83}.Release|Any CPU.ActiveCfg = Release|Any CPU
		{3FE3FFC4-F357-45C7-AD50-118F8FB09A83}.Release|Any CPU.Build.0 = Release|Any CPU
		{A5B0FD5D-6239-42DE-AF15-7CB91D452E99}.Debug|Any CPU.ActiveCfg = Debug|Any CPU
		{A5B0FD5D-6239-42DE-AF15-7CB91D452E99}.Debug|Any CPU.Build.0 = Debug|Any CPU
		{A5B0FD5D-6239-42DE-AF15-7CB91D452E99}.Release|Any CPU.ActiveCfg = Release|Any CPU
		{A5B0FD5D-6239-42DE-AF15-7CB91D452E99}.Release|Any CPU.Build.0 = Release|Any CPU
		{59935CE6-8E3E-4B5C-A1A5-246297A8A762}.Debug|Any CPU.ActiveCfg = Debug|Any CPU
		{59935CE6-8E3E-4B5C-A1A5-246297A8A762}.Debug|Any CPU.Build.0 = Debug|Any CPU
		{59935CE6-8E3E-4B5C-A1A5-246297A8A762}.Release|Any CPU.ActiveCfg = Release|Any CPU
		{59935CE6-8E3E-4B5C-A1A5-246297A8A762}.Release|Any CPU.Build.0 = Release|Any CPU
		{EA7F7645-0428-4C56-A43D-733D58DDD0A0}.Debug|Any CPU.ActiveCfg = Debug|Any CPU
		{EA7F7645-0428-4C56-A43D-733D58DDD0A0}.Debug|Any CPU.Build.0 = Debug|Any CPU
		{EA7F7645-0428-4C56-A43D-733D58DDD0A0}.Release|Any CPU.ActiveCfg = Release|Any CPU
		{EA7F7645-0428-4C56-A43D-733D58DDD0A0}.Release|Any CPU.Build.0 = Release|Any CPU
		{CD644468-58DC-424A-9304-4940AFEF741A}.Debug|Any CPU.ActiveCfg = Debug|Any CPU
		{CD644468-58DC-424A-9304-4940AFEF741A}.Debug|Any CPU.Build.0 = Debug|Any CPU
		{CD644468-58DC-424A-9304-4940AFEF741A}.Release|Any CPU.ActiveCfg = Release|Any CPU
		{CD644468-58DC-424A-9304-4940AFEF741A}.Release|Any CPU.Build.0 = Release|Any CPU
		{02446A84-7ADB-4A8D-8601-C311F4D98E32}.Debug|Any CPU.ActiveCfg = Debug|Any CPU
		{02446A84-7ADB-4A8D-8601-C311F4D98E32}.Debug|Any CPU.Build.0 = Debug|Any CPU
		{02446A84-7ADB-4A8D-8601-C311F4D98E32}.Release|Any CPU.ActiveCfg = Release|Any CPU
		{02446A84-7ADB-4A8D-8601-C311F4D98E32}.Release|Any CPU.Build.0 = Release|Any CPU
	EndGlobalSection
	GlobalSection(SolutionProperties) = preSolution
		HideSolutionNode = FALSE
	EndGlobalSection
	GlobalSection(NestedProjects) = preSolution
		{48284A60-CFF1-4B7C-ADE3-CB64C0C55A35} = {CBC0F35A-EF18-42D0-AA6B-679CFC1B7377}
		{FA840638-4F98-4E17-835F-DE5B7D60E801} = {CBC0F35A-EF18-42D0-AA6B-679CFC1B7377}
		{3FE3FFC4-F357-45C7-AD50-118F8FB09A83} = {CBC0F35A-EF18-42D0-AA6B-679CFC1B7377}
		{A5B0FD5D-6239-42DE-AF15-7CB91D452E99} = {CBC0F35A-EF18-42D0-AA6B-679CFC1B7377}
		{59935CE6-8E3E-4B5C-A1A5-246297A8A762} = {CBC0F35A-EF18-42D0-AA6B-679CFC1B7377}
		{EA7F7645-0428-4C56-A43D-733D58DDD0A0} = {CBC0F35A-EF18-42D0-AA6B-679CFC1B7377}
		{CD644468-58DC-424A-9304-4940AFEF741A} = {CBC0F35A-EF18-42D0-AA6B-679CFC1B7377}
		{02446A84-7ADB-4A8D-8601-C311F4D98E32} = {CBC0F35A-EF18-42D0-AA6B-679CFC1B7377}
	EndGlobalSection
	GlobalSection(ExtensibilityGlobals) = postSolution
		SolutionGuid = {8474F863-A960-404B-B2A7-7A840AD4E672}
	EndGlobalSection
EndGlobal
